
Microsoft Visual Studio Solution File, Format Version 12.00
# Visual Studio 15
VisualStudioVersion = 15.0.27428.2037
MinimumVisualStudioVersion = 10.0.40219.1
Project("{FAE04EC0-301F-11D3-BF4B-00C04F79EFBC}") = "NumberInTheList", "NumberInTheList\NumberInTheList.csproj", "{69868520-3B56-4225-A4F7-AB7B127144CA}"
EndProject
Project("{FAE04EC0-301F-11D3-BF4B-00C04F79EFBC}") = "NumberInTheListTests", "NumberInTheListTests\NumberInTheListTests.csproj", "{A87A8655-9603-4838-9142-174F53329E9B}"
EndProject
Global
	GlobalSection(SolutionConfigurationPlatforms) = preSolution
		Debug|Any CPU = Debug|Any CPU
		Release|Any CPU = Release|Any CPU
	EndGlobalSection
	GlobalSection(ProjectConfigurationPlatforms) = postSolution
		{69868520-3B56-4225-A4F7-AB7B127144CA}.Debug|Any CPU.ActiveCfg = Debug|Any CPU
		{69868520-3B56-4225-A4F7-AB7B127144CA}.Debug|Any CPU.Build.0 = Debug|Any CPU
		{69868520-3B56-4225-A4F7-AB7B127144CA}.Release|Any CPU.ActiveCfg = Release|Any CPU
		{69868520-3B56-4225-A4F7-AB7B127144CA}.Release|Any CPU.Build.0 = Release|Any CPU
		{A87A8655-9603-4838-9142-174F53329E9B}.Debug|Any CPU.ActiveCfg = Debug|Any CPU
		{A87A8655-9603-4838-9142-174F53329E9B}.Debug|Any CPU.Build.0 = Debug|Any CPU
		{A87A8655-9603-4838-9142-174F53329E9B}.Release|Any CPU.ActiveCfg = Release|Any CPU
		{A87A8655-9603-4838-9142-174F53329E9B}.Release|Any CPU.Build.0 = Release|Any CPU
	EndGlobalSection
	GlobalSection(SolutionProperties) = preSolution
		HideSolutionNode = FALSE
	EndGlobalSection
	GlobalSection(ExtensibilityGlobals) = postSolution
		SolutionGuid = {BBA270D5-E23E-448C-ACDF-707CC22C896F}
	EndGlobalSection
EndGlobal
