
Microsoft Visual Studio Solution File, Format Version 12.00
# Visual Studio 15
VisualStudioVersion = 15.0.27428.2037
MinimumVisualStudioVersion = 10.0.40219.1
Project("{FAE04EC0-301F-11D3-BF4B-00C04F79EFBC}") = "FibonacciSeriesforRange", "FibonacciSeriesforRange\FibonacciSeriesforRange.csproj", "{DF67B0ED-F81B-46AF-B266-4303CDD6EB9C}"
EndProject
Project("{FAE04EC0-301F-11D3-BF4B-00C04F79EFBC}") = "FibonacciSeriesforRangeTests", "FibonacciSeriesforRangeTests\FibonacciSeriesforRangeTests.csproj", "{9F3A89F1-A2DA-4C4F-8F05-7EDF014BBDED}"
EndProject
Global
	GlobalSection(SolutionConfigurationPlatforms) = preSolution
		Debug|Any CPU = Debug|Any CPU
		Release|Any CPU = Release|Any CPU
	EndGlobalSection
	GlobalSection(ProjectConfigurationPlatforms) = postSolution
		{DF67B0ED-F81B-46AF-B266-4303CDD6EB9C}.Debug|Any CPU.ActiveCfg = Debug|Any CPU
		{DF67B0ED-F81B-46AF-B266-4303CDD6EB9C}.Debug|Any CPU.Build.0 = Debug|Any CPU
		{DF67B0ED-F81B-46AF-B266-4303CDD6EB9C}.Release|Any CPU.ActiveCfg = Release|Any CPU
		{DF67B0ED-F81B-46AF-B266-4303CDD6EB9C}.Release|Any CPU.Build.0 = Release|Any CPU
		{9F3A89F1-A2DA-4C4F-8F05-7EDF014BBDED}.Debug|Any CPU.ActiveCfg = Debug|Any CPU
		{9F3A89F1-A2DA-4C4F-8F05-7EDF014BBDED}.Debug|Any CPU.Build.0 = Debug|Any CPU
		{9F3A89F1-A2DA-4C4F-8F05-7EDF014BBDED}.Release|Any CPU.ActiveCfg = Release|Any CPU
		{9F3A89F1-A2DA-4C4F-8F05-7EDF014BBDED}.Release|Any CPU.Build.0 = Release|Any CPU
	EndGlobalSection
	GlobalSection(SolutionProperties) = preSolution
		HideSolutionNode = FALSE
	EndGlobalSection
	GlobalSection(ExtensibilityGlobals) = postSolution
		SolutionGuid = {B73CE815-544C-4502-B3E0-64CB7D1D7936}
	EndGlobalSection
EndGlobal
