
Microsoft Visual Studio Solution File, Format Version 12.00
# Visual Studio 15
VisualStudioVersion = 15.0.27428.2037
MinimumVisualStudioVersion = 10.0.40219.1
Project("{FAE04EC0-301F-11D3-BF4B-00C04F79EFBC}") = "SortingTriangles", "SortingTriangles\SortingTriangles.csproj", "{15FAD440-32C6-4DD4-9562-13AE7FCBFF40}"
EndProject
Project("{FAE04EC0-301F-11D3-BF4B-00C04F79EFBC}") = "SortingTrianglesTests", "SortingTrianglesTests\SortingTrianglesTests.csproj", "{9F530AFF-A7C5-43ED-8196-F0FA04B0BA11}"
EndProject
Global
	GlobalSection(SolutionConfigurationPlatforms) = preSolution
		Debug|Any CPU = Debug|Any CPU
		Release|Any CPU = Release|Any CPU
	EndGlobalSection
	GlobalSection(ProjectConfigurationPlatforms) = postSolution
		{15FAD440-32C6-4DD4-9562-13AE7FCBFF40}.Debug|Any CPU.ActiveCfg = Debug|Any CPU
		{15FAD440-32C6-4DD4-9562-13AE7FCBFF40}.Debug|Any CPU.Build.0 = Debug|Any CPU
		{15FAD440-32C6-4DD4-9562-13AE7FCBFF40}.Release|Any CPU.ActiveCfg = Release|Any CPU
		{15FAD440-32C6-4DD4-9562-13AE7FCBFF40}.Release|Any CPU.Build.0 = Release|Any CPU
		{9F530AFF-A7C5-43ED-8196-F0FA04B0BA11}.Debug|Any CPU.ActiveCfg = Debug|Any CPU
		{9F530AFF-A7C5-43ED-8196-F0FA04B0BA11}.Debug|Any CPU.Build.0 = Debug|Any CPU
		{9F530AFF-A7C5-43ED-8196-F0FA04B0BA11}.Release|Any CPU.ActiveCfg = Release|Any CPU
		{9F530AFF-A7C5-43ED-8196-F0FA04B0BA11}.Release|Any CPU.Build.0 = Release|Any CPU
	EndGlobalSection
	GlobalSection(SolutionProperties) = preSolution
		HideSolutionNode = FALSE
	EndGlobalSection
	GlobalSection(ExtensibilityGlobals) = postSolution
		SolutionGuid = {250B91E3-7F67-4698-B581-C8C58516A72B}
	EndGlobalSection
EndGlobal
