
Microsoft Visual Studio Solution File, Format Version 12.00
# Visual Studio 15
VisualStudioVersion = 15.0.27428.2037
MinimumVisualStudioVersion = 10.0.40219.1
Project("{FAE04EC0-301F-11D3-BF4B-00C04F79EFBC}") = "NumericalSequence", "NumericalSequence\NumericalSequence.csproj", "{CB45B352-36FF-4FD0-9292-3EDEA384D068}"
EndProject
Project("{FAE04EC0-301F-11D3-BF4B-00C04F79EFBC}") = "NumericalSequenceTests", "NumericalSequenceTests\NumericalSequenceTests.csproj", "{76C2D5D3-3B07-4A11-9718-A78B6135A190}"
EndProject
Global
	GlobalSection(SolutionConfigurationPlatforms) = preSolution
		Debug|Any CPU = Debug|Any CPU
		Release|Any CPU = Release|Any CPU
	EndGlobalSection
	GlobalSection(ProjectConfigurationPlatforms) = postSolution
		{CB45B352-36FF-4FD0-9292-3EDEA384D068}.Debug|Any CPU.ActiveCfg = Debug|Any CPU
		{CB45B352-36FF-4FD0-9292-3EDEA384D068}.Debug|Any CPU.Build.0 = Debug|Any CPU
		{CB45B352-36FF-4FD0-9292-3EDEA384D068}.Release|Any CPU.ActiveCfg = Release|Any CPU
		{CB45B352-36FF-4FD0-9292-3EDEA384D068}.Release|Any CPU.Build.0 = Release|Any CPU
		{76C2D5D3-3B07-4A11-9718-A78B6135A190}.Debug|Any CPU.ActiveCfg = Debug|Any CPU
		{76C2D5D3-3B07-4A11-9718-A78B6135A190}.Debug|Any CPU.Build.0 = Debug|Any CPU
		{76C2D5D3-3B07-4A11-9718-A78B6135A190}.Release|Any CPU.ActiveCfg = Release|Any CPU
		{76C2D5D3-3B07-4A11-9718-A78B6135A190}.Release|Any CPU.Build.0 = Release|Any CPU
	EndGlobalSection
	GlobalSection(SolutionProperties) = preSolution
		HideSolutionNode = FALSE
	EndGlobalSection
	GlobalSection(ExtensibilityGlobals) = postSolution
		SolutionGuid = {045574C4-4309-41FA-B187-008790F6077E}
	EndGlobalSection
EndGlobal
